
Microsoft Visual Studio Solution File, Format Version 12.00
# Visual Studio 15
VisualStudioVersion = 15.0.28307.572
MinimumVisualStudioVersion = 10.0.40219.1
Project("{8BC9CEB8-8B4A-11D0-8D11-00A0C91BC942}") = "camelCase", "camelCase\camelCase.vcxproj", "{45EE17D0-E800-473E-B60A-3BF2AB5904C4}"
EndProject
Global
	GlobalSection(SolutionConfigurationPlatforms) = preSolution
		Debug|x64 = Debug|x64
		Debug|x86 = Debug|x86
		Release|x64 = Release|x64
		Release|x86 = Release|x86
	EndGlobalSection
	GlobalSection(ProjectConfigurationPlatforms) = postSolution
		{45EE17D0-E800-473E-B60A-3BF2AB5904C4}.Debug|x64.ActiveCfg = Debug|x64
		{45EE17D0-E800-473E-B60A-3BF2AB5904C4}.Debug|x64.Build.0 = Debug|x64
		{45EE17D0-E800-473E-B60A-3BF2AB5904C4}.Debug|x86.ActiveCfg = Debug|Win32
		{45EE17D0-E800-473E-B60A-3BF2AB5904C4}.Debug|x86.Build.0 = Debug|Win32
		{45EE17D0-E800-473E-B60A-3BF2AB5904C4}.Release|x64.ActiveCfg = Release|x64
		{45EE17D0-E800-473E-B60A-3BF2AB5904C4}.Release|x64.Build.0 = Release|x64
		{45EE17D0-E800-473E-B60A-3BF2AB5904C4}.Release|x86.ActiveCfg = Release|Win32
		{45EE17D0-E800-473E-B60A-3BF2AB5904C4}.Release|x86.Build.0 = Release|Win32
	EndGlobalSection
	GlobalSection(SolutionProperties) = preSolution
		HideSolutionNode = FALSE
	EndGlobalSection
	GlobalSection(ExtensibilityGlobals) = postSolution
		SolutionGuid = {B6F729E8-C071-4161-8F3F-0E6B4D7876CD}
	EndGlobalSection
EndGlobal
