
Microsoft Visual Studio Solution File, Format Version 12.00
# Visual Studio 15
VisualStudioVersion = 15.0.28307.572
MinimumVisualStudioVersion = 10.0.40219.1
Project("{8BC9CEB8-8B4A-11D0-8D11-00A0C91BC942}") = "Anagram", "Anagram\Anagram.vcxproj", "{C2806519-5D6D-437C-A4DD-DAC46D55BE6A}"
EndProject
Global
	GlobalSection(SolutionConfigurationPlatforms) = preSolution
		Debug|x64 = Debug|x64
		Debug|x86 = Debug|x86
		Release|x64 = Release|x64
		Release|x86 = Release|x86
	EndGlobalSection
	GlobalSection(ProjectConfigurationPlatforms) = postSolution
		{C2806519-5D6D-437C-A4DD-DAC46D55BE6A}.Debug|x64.ActiveCfg = Debug|x64
		{C2806519-5D6D-437C-A4DD-DAC46D55BE6A}.Debug|x64.Build.0 = Debug|x64
		{C2806519-5D6D-437C-A4DD-DAC46D55BE6A}.Debug|x86.ActiveCfg = Debug|Win32
		{C2806519-5D6D-437C-A4DD-DAC46D55BE6A}.Debug|x86.Build.0 = Debug|Win32
		{C2806519-5D6D-437C-A4DD-DAC46D55BE6A}.Release|x64.ActiveCfg = Release|x64
		{C2806519-5D6D-437C-A4DD-DAC46D55BE6A}.Release|x64.Build.0 = Release|x64
		{C2806519-5D6D-437C-A4DD-DAC46D55BE6A}.Release|x86.ActiveCfg = Release|Win32
		{C2806519-5D6D-437C-A4DD-DAC46D55BE6A}.Release|x86.Build.0 = Release|Win32
	EndGlobalSection
	GlobalSection(SolutionProperties) = preSolution
		HideSolutionNode = FALSE
	EndGlobalSection
	GlobalSection(ExtensibilityGlobals) = postSolution
		SolutionGuid = {EAE83FD5-C9C6-4B35-9A52-C21C581A12B9}
	EndGlobalSection
EndGlobal
