
Microsoft Visual Studio Solution File, Format Version 12.00
# Visual Studio 15
VisualStudioVersion = 15.0.28307.329
MinimumVisualStudioVersion = 10.0.40219.1
Project("{8BC9CEB8-8B4A-11D0-8D11-00A0C91BC942}") = "ArrayManupulation", "ArrayManupulation\ArrayManupulation.vcxproj", "{D7714976-360D-45F1-B70C-A97BF7E83A6E}"
EndProject
Global
	GlobalSection(SolutionConfigurationPlatforms) = preSolution
		Debug|x64 = Debug|x64
		Debug|x86 = Debug|x86
		Release|x64 = Release|x64
		Release|x86 = Release|x86
	EndGlobalSection
	GlobalSection(ProjectConfigurationPlatforms) = postSolution
		{D7714976-360D-45F1-B70C-A97BF7E83A6E}.Debug|x64.ActiveCfg = Debug|x64
		{D7714976-360D-45F1-B70C-A97BF7E83A6E}.Debug|x64.Build.0 = Debug|x64
		{D7714976-360D-45F1-B70C-A97BF7E83A6E}.Debug|x86.ActiveCfg = Debug|Win32
		{D7714976-360D-45F1-B70C-A97BF7E83A6E}.Debug|x86.Build.0 = Debug|Win32
		{D7714976-360D-45F1-B70C-A97BF7E83A6E}.Release|x64.ActiveCfg = Release|x64
		{D7714976-360D-45F1-B70C-A97BF7E83A6E}.Release|x64.Build.0 = Release|x64
		{D7714976-360D-45F1-B70C-A97BF7E83A6E}.Release|x86.ActiveCfg = Release|Win32
		{D7714976-360D-45F1-B70C-A97BF7E83A6E}.Release|x86.Build.0 = Release|Win32
	EndGlobalSection
	GlobalSection(SolutionProperties) = preSolution
		HideSolutionNode = FALSE
	EndGlobalSection
	GlobalSection(ExtensibilityGlobals) = postSolution
		SolutionGuid = {7EA30488-153A-44B6-B15E-A77D47A99AD0}
	EndGlobalSection
EndGlobal
