
Microsoft Visual Studio Solution File, Format Version 12.00
# Visual Studio Version 16
VisualStudioVersion = 16.0.28803.202
MinimumVisualStudioVersion = 10.0.40219.1
Project("{8BC9CEB8-8B4A-11D0-8D11-00A0C91BC942}") = "Fast Food", "Fast Food.vcxproj", "{229D08E8-74A9-48AA-B857-F6F9F91CDE54}"
EndProject
Global
	GlobalSection(SolutionConfigurationPlatforms) = preSolution
		Debug|x64 = Debug|x64
		Debug|x86 = Debug|x86
		Release|x64 = Release|x64
		Release|x86 = Release|x86
	EndGlobalSection
	GlobalSection(ProjectConfigurationPlatforms) = postSolution
		{229D08E8-74A9-48AA-B857-F6F9F91CDE54}.Debug|x64.ActiveCfg = Debug|x64
		{229D08E8-74A9-48AA-B857-F6F9F91CDE54}.Debug|x64.Build.0 = Debug|x64
		{229D08E8-74A9-48AA-B857-F6F9F91CDE54}.Debug|x86.ActiveCfg = Debug|Win32
		{229D08E8-74A9-48AA-B857-F6F9F91CDE54}.Debug|x86.Build.0 = Debug|Win32
		{229D08E8-74A9-48AA-B857-F6F9F91CDE54}.Release|x64.ActiveCfg = Release|x64
		{229D08E8-74A9-48AA-B857-F6F9F91CDE54}.Release|x64.Build.0 = Release|x64
		{229D08E8-74A9-48AA-B857-F6F9F91CDE54}.Release|x86.ActiveCfg = Release|Win32
		{229D08E8-74A9-48AA-B857-F6F9F91CDE54}.Release|x86.Build.0 = Release|Win32
	EndGlobalSection
	GlobalSection(SolutionProperties) = preSolution
		HideSolutionNode = FALSE
	EndGlobalSection
	GlobalSection(ExtensibilityGlobals) = postSolution
		SolutionGuid = {B640CFA1-0FC6-4E62-BD96-074D6E40827A}
	EndGlobalSection
EndGlobal
