
Microsoft Visual Studio Solution File, Format Version 12.00
# Visual Studio Version 16
VisualStudioVersion = 16.0.28803.202
MinimumVisualStudioVersion = 10.0.40219.1
Project("{8BC9CEB8-8B4A-11D0-8D11-00A0C91BC942}") = "Campus Drive", "Campus Drive.vcxproj", "{E9F268A3-AEAD-47CD-974B-3F7ABD23135B}"
EndProject
Global
	GlobalSection(SolutionConfigurationPlatforms) = preSolution
		Debug|x64 = Debug|x64
		Debug|x86 = Debug|x86
		Release|x64 = Release|x64
		Release|x86 = Release|x86
	EndGlobalSection
	GlobalSection(ProjectConfigurationPlatforms) = postSolution
		{E9F268A3-AEAD-47CD-974B-3F7ABD23135B}.Debug|x64.ActiveCfg = Debug|x64
		{E9F268A3-AEAD-47CD-974B-3F7ABD23135B}.Debug|x64.Build.0 = Debug|x64
		{E9F268A3-AEAD-47CD-974B-3F7ABD23135B}.Debug|x86.ActiveCfg = Debug|Win32
		{E9F268A3-AEAD-47CD-974B-3F7ABD23135B}.Debug|x86.Build.0 = Debug|Win32
		{E9F268A3-AEAD-47CD-974B-3F7ABD23135B}.Release|x64.ActiveCfg = Release|x64
		{E9F268A3-AEAD-47CD-974B-3F7ABD23135B}.Release|x64.Build.0 = Release|x64
		{E9F268A3-AEAD-47CD-974B-3F7ABD23135B}.Release|x86.ActiveCfg = Release|Win32
		{E9F268A3-AEAD-47CD-974B-3F7ABD23135B}.Release|x86.Build.0 = Release|Win32
	EndGlobalSection
	GlobalSection(SolutionProperties) = preSolution
		HideSolutionNode = FALSE
	EndGlobalSection
	GlobalSection(ExtensibilityGlobals) = postSolution
		SolutionGuid = {772FA24B-3BA9-40F5-BA4F-9586DA98A0D8}
	EndGlobalSection
EndGlobal
