
Microsoft Visual Studio Solution File, Format Version 12.00
# Visual Studio 15
VisualStudioVersion = 15.0.28307.572
MinimumVisualStudioVersion = 10.0.40219.1
Project("{8BC9CEB8-8B4A-11D0-8D11-00A0C91BC942}") = "Palindrome Index", "Palindrome Index\Palindrome Index.vcxproj", "{7040E4F4-5DCC-47B7-85B3-49C8D886D3C6}"
EndProject
Global
	GlobalSection(SolutionConfigurationPlatforms) = preSolution
		Debug|x64 = Debug|x64
		Debug|x86 = Debug|x86
		Release|x64 = Release|x64
		Release|x86 = Release|x86
	EndGlobalSection
	GlobalSection(ProjectConfigurationPlatforms) = postSolution
		{7040E4F4-5DCC-47B7-85B3-49C8D886D3C6}.Debug|x64.ActiveCfg = Debug|x64
		{7040E4F4-5DCC-47B7-85B3-49C8D886D3C6}.Debug|x64.Build.0 = Debug|x64
		{7040E4F4-5DCC-47B7-85B3-49C8D886D3C6}.Debug|x86.ActiveCfg = Debug|Win32
		{7040E4F4-5DCC-47B7-85B3-49C8D886D3C6}.Debug|x86.Build.0 = Debug|Win32
		{7040E4F4-5DCC-47B7-85B3-49C8D886D3C6}.Release|x64.ActiveCfg = Release|x64
		{7040E4F4-5DCC-47B7-85B3-49C8D886D3C6}.Release|x64.Build.0 = Release|x64
		{7040E4F4-5DCC-47B7-85B3-49C8D886D3C6}.Release|x86.ActiveCfg = Release|Win32
		{7040E4F4-5DCC-47B7-85B3-49C8D886D3C6}.Release|x86.Build.0 = Release|Win32
	EndGlobalSection
	GlobalSection(SolutionProperties) = preSolution
		HideSolutionNode = FALSE
	EndGlobalSection
	GlobalSection(ExtensibilityGlobals) = postSolution
		SolutionGuid = {7A353B53-4468-4257-A693-1C15D6A492E7}
	EndGlobalSection
EndGlobal
