
Microsoft Visual Studio Solution File, Format Version 12.00
# Visual Studio Version 16
VisualStudioVersion = 16.0.29201.188
MinimumVisualStudioVersion = 10.0.40219.1
Project("{888888A0-9F3D-457C-B088-3A5042F75D52}") = "Max distance", "Max distance.pyproj", "{92CA40A1-DDC1-40F5-89EF-197A7CB004CA}"
EndProject
Global
	GlobalSection(SolutionConfigurationPlatforms) = preSolution
		Debug|Any CPU = Debug|Any CPU
		Release|Any CPU = Release|Any CPU
	EndGlobalSection
	GlobalSection(ProjectConfigurationPlatforms) = postSolution
		{92CA40A1-DDC1-40F5-89EF-197A7CB004CA}.Debug|Any CPU.ActiveCfg = Debug|Any CPU
		{92CA40A1-DDC1-40F5-89EF-197A7CB004CA}.Release|Any CPU.ActiveCfg = Release|Any CPU
	EndGlobalSection
	GlobalSection(SolutionProperties) = preSolution
		HideSolutionNode = FALSE
	EndGlobalSection
	GlobalSection(ExtensibilityGlobals) = postSolution
		SolutionGuid = {1A6231FC-2D2F-42AE-94A5-445DA8F8C95B}
	EndGlobalSection
EndGlobal
