
Microsoft Visual Studio Solution File, Format Version 12.00
# Visual Studio 15
VisualStudioVersion = 15.0.28307.572
MinimumVisualStudioVersion = 10.0.40219.1
Project("{8BC9CEB8-8B4A-11D0-8D11-00A0C91BC942}") = "Strong Password", "Strong Password\Strong Password.vcxproj", "{FE2ADE69-E3B8-428B-B73E-58AAB2604D4E}"
EndProject
Global
	GlobalSection(SolutionConfigurationPlatforms) = preSolution
		Debug|x64 = Debug|x64
		Debug|x86 = Debug|x86
		Release|x64 = Release|x64
		Release|x86 = Release|x86
	EndGlobalSection
	GlobalSection(ProjectConfigurationPlatforms) = postSolution
		{FE2ADE69-E3B8-428B-B73E-58AAB2604D4E}.Debug|x64.ActiveCfg = Debug|x64
		{FE2ADE69-E3B8-428B-B73E-58AAB2604D4E}.Debug|x64.Build.0 = Debug|x64
		{FE2ADE69-E3B8-428B-B73E-58AAB2604D4E}.Debug|x86.ActiveCfg = Debug|Win32
		{FE2ADE69-E3B8-428B-B73E-58AAB2604D4E}.Debug|x86.Build.0 = Debug|Win32
		{FE2ADE69-E3B8-428B-B73E-58AAB2604D4E}.Release|x64.ActiveCfg = Release|x64
		{FE2ADE69-E3B8-428B-B73E-58AAB2604D4E}.Release|x64.Build.0 = Release|x64
		{FE2ADE69-E3B8-428B-B73E-58AAB2604D4E}.Release|x86.ActiveCfg = Release|Win32
		{FE2ADE69-E3B8-428B-B73E-58AAB2604D4E}.Release|x86.Build.0 = Release|Win32
	EndGlobalSection
	GlobalSection(SolutionProperties) = preSolution
		HideSolutionNode = FALSE
	EndGlobalSection
	GlobalSection(ExtensibilityGlobals) = postSolution
		SolutionGuid = {6A395A07-28CE-400C-BBE6-A9347AB3E103}
	EndGlobalSection
EndGlobal
